
Microsoft Visual Studio Solution File, Format Version 12.00
# Visual Studio Version 17
VisualStudioVersion = 17.11.35327.3
MinimumVisualStudioVersion = 10.0.40219.1
Project("{FAE04EC0-301F-11D3-BF4B-00C04F79EFBC}") = "api_clima", "api_clima\api_clima.csproj", "{6B9F16AE-86ED-4B4A-809E-54D41AB2B019}"
EndProject
Global
	GlobalSection(SolutionConfigurationPlatforms) = preSolution
		Debug|Any CPU = Debug|Any CPU
		Release|Any CPU = Release|Any CPU
	EndGlobalSection
	GlobalSection(ProjectConfigurationPlatforms) = postSolution
		{6B9F16AE-86ED-4B4A-809E-54D41AB2B019}.Debug|Any CPU.ActiveCfg = Debug|Any CPU
		{6B9F16AE-86ED-4B4A-809E-54D41AB2B019}.Debug|Any CPU.Build.0 = Debug|Any CPU
		{6B9F16AE-86ED-4B4A-809E-54D41AB2B019}.Debug|Any CPU.Deploy.0 = Debug|Any CPU
		{6B9F16AE-86ED-4B4A-809E-54D41AB2B019}.Release|Any CPU.ActiveCfg = Release|Any CPU
		{6B9F16AE-86ED-4B4A-809E-54D41AB2B019}.Release|Any CPU.Build.0 = Release|Any CPU
		{6B9F16AE-86ED-4B4A-809E-54D41AB2B019}.Release|Any CPU.Deploy.0 = Release|Any CPU
	EndGlobalSection
	GlobalSection(SolutionProperties) = preSolution
		HideSolutionNode = FALSE
	EndGlobalSection
	GlobalSection(ExtensibilityGlobals) = postSolution
		SolutionGuid = {0526C983-26AB-43F4-8A08-B1FA22EA8F06}
	EndGlobalSection
EndGlobal
